{
  "requires": true,
  "lockfileVersion": 1,
  "dependencies": {
    "tns-platform-declarations": {
      "version": "5.0.5",
      "resolved": "https://registry.npmjs.org/tns-platform-declarations/-/tns-platform-declarations-5.0.5.tgz",
      "integrity": "sha512-paU+SgAPsDC3VH6YfvkQdfCzp24i+40sDz1L99AA2TCgqVnlrwgBxc25dhK18ai2gQR/ZqN3amYrexBnf4MUQQ=="
    }
  }
}
