{
  "requires": true,
  "lockfileVersion": 1,
  "dependencies": {
    "tns-platform-declarations": {
      "version": "5.3.1",
      "resolved": "https://registry.npmjs.org/tns-platform-declarations/-/tns-platform-declarations-5.3.1.tgz",
      "integrity": "sha512-sTEx3eGOEqILzLTARIamuMlCL0fZ3REyVaCJ0n19Nq7OdjnQiTV6zGADl5yQ1mI4NLZVtAtLQgc90Qj9XYnMIw=="
    }
  }
}
